dependencies:
- name: alloy
  repository: https://cmu-sei.github.io/helm-charts
  version: 1.8.4
- name: blueprint
  repository: https://cmu-sei.github.io/helm-charts
  version: 1.10.5
- name: caster
  repository: https://cmu-sei.github.io/helm-charts
  version: 1.9.5
- name: cite
  repository: https://cmu-sei.github.io/helm-charts
  version: 1.10.3
- name: gallery
  repository: https://cmu-sei.github.io/helm-charts
  version: 1.10.3
- name: gameboard
  repository: https://cmu-sei.github.io/helm-charts
  version: 0.6.0
- name: player
  repository: https://cmu-sei.github.io/helm-charts
  version: 1.10.10
- name: steamfitter
  repository: https://cmu-sei.github.io/helm-charts
  version: 1.8.3
- name: topomojo
  repository: https://cmu-sei.github.io/helm-charts
  version: 0.10.0
- name: moodle
  repository: https://cmu-sei.github.io/helm-charts
  version: 0.2.7
digest: sha256:9a6cc7cea52e6e4d92307da5178adb53c526213ed9aa4b0758fc4c0b363d903c
generated: "2026-07-22T13:58:06.413624836Z"
