dependencies:
- name: alloy
  repository: https://cmu-sei.github.io/helm-charts
  version: 1.8.7
- name: blueprint
  repository: https://cmu-sei.github.io/helm-charts
  version: 1.10.10
- name: caster
  repository: https://cmu-sei.github.io/helm-charts
  version: 1.9.7
- name: cite
  repository: https://cmu-sei.github.io/helm-charts
  version: 1.10.6
- name: gallery
  repository: https://cmu-sei.github.io/helm-charts
  version: 1.10.7
- name: gameboard
  repository: https://cmu-sei.github.io/helm-charts
  version: 0.6.0
- name: player
  repository: https://cmu-sei.github.io/helm-charts
  version: 1.13.0
- name: steamfitter
  repository: https://cmu-sei.github.io/helm-charts
  version: 1.9.0
- name: topomojo
  repository: https://cmu-sei.github.io/helm-charts
  version: 0.10.3
- name: moodle
  repository: https://cmu-sei.github.io/helm-charts
  version: 0.3.0
digest: sha256:405d31e977b7e4ac08faaca2e2bc4242b80120e51e133608b04e0b0ede48a318
generated: "2026-10-01T16:56:29.528939477Z"
