dependencies:
- name: alloy
  repository: https://helm.cmusei.dev/charts
  version: 1.7.0
- name: blueprint
  repository: https://helm.cmusei.dev/charts
  version: 1.8.18
- name: caster
  repository: https://helm.cmusei.dev/charts
  version: 1.8.0
- name: cite
  repository: https://helm.cmusei.dev/charts
  version: 1.9.0
- name: gallery
  repository: https://helm.cmusei.dev/charts
  version: 1.9.0
- name: gameboard
  repository: https://helm.cmusei.dev/charts
  version: 0.5.14
- name: player
  repository: https://helm.cmusei.dev/charts
  version: 1.9.1
- name: steamfitter
  repository: https://helm.cmusei.dev/charts
  version: 1.7.0
- name: topomojo
  repository: https://helm.cmusei.dev/charts
  version: 0.7.0
- name: moodle
  repository: https://helm.cmusei.dev/charts
  version: 0.2.7
digest: sha256:1a319483543a0283fb933500649bb92ce18d143845a00506f2b57760835b905a
generated: "2026-04-17T13:47:06.166235489Z"
