dependencies:
- name: nfs-server-provisioner
  repository: https://kvaps.github.io/charts
  version: 1.8.0
- name: ingress-nginx
  repository: https://kubernetes.github.io/ingress-nginx
  version: 4.14.1
- name: pgadmin4
  repository: https://helm.runix.net
  version: 1.56.1
digest: sha256:c26e4044b6afd19c433b2cd37063a611c3f8b73b2ab456c02fed7bd5d6242334
generated: "2026-03-26T19:17:46.776930791Z"
