dependencies:
- name: keycloak
  repository: oci://registry-1.docker.io/bitnamicharts
  version: 24.6.4
- name: alloy
  repository: https://helm.cmusei.dev/charts
  version: 1.6.13
- name: blueprint
  repository: https://helm.cmusei.dev/charts
  version: 1.8.0
- name: caster
  repository: https://helm.cmusei.dev/charts
  version: 1.7.1
- name: cite
  repository: https://helm.cmusei.dev/charts
  version: 1.8.0
- name: gallery
  repository: https://helm.cmusei.dev/charts
  version: 1.8.0
- name: gameboard
  repository: https://helm.cmusei.dev/charts
  version: 0.5.12
- name: player
  repository: https://helm.cmusei.dev/charts
  version: 1.8.13
- name: steamfitter
  repository: https://helm.cmusei.dev/charts
  version: 1.6.11
- name: topomojo
  repository: https://helm.cmusei.dev/charts
  version: 0.6.4
- name: moodle
  repository: https://helm.cmusei.dev/charts
  version: 0.2.5
digest: sha256:cafd91bf7a7926369dd825963a6acdb88e0cea735db17fbd611112dd3002f1e7
generated: "2026-03-12T13:51:55.086900774Z"
