dependencies:
- name: keycloak
  repository: oci://registry-1.docker.io/bitnamicharts
  version: 24.6.4
- name: alloy
  repository: https://helm.cmusei.dev/charts
  version: 1.6.9
- name: blueprint
  repository: https://helm.cmusei.dev/charts
  version: 1.6.6
- name: caster
  repository: https://helm.cmusei.dev/charts
  version: 1.6.7
- name: cite
  repository: https://helm.cmusei.dev/charts
  version: 1.6.10
- name: gallery
  repository: https://helm.cmusei.dev/charts
  version: 1.6.8
- name: gameboard
  repository: https://helm.cmusei.dev/charts
  version: 0.5.12
- name: player
  repository: https://helm.cmusei.dev/charts
  version: 1.8.0
- name: steamfitter
  repository: https://helm.cmusei.dev/charts
  version: 1.6.8
- name: topomojo
  repository: https://helm.cmusei.dev/charts
  version: 0.5.14
- name: moodle
  repository: https://helm.cmusei.dev/charts
  version: 0.2.3
digest: sha256:ee297ec2d7e8073d4efb9db2c20f3dc6c138be692ce05826cddbad08237ea7f1
generated: "2026-01-13T14:50:24.5458745Z"
