dependencies:
- name: keycloak
  repository: oci://registry-1.docker.io/bitnamicharts
  version: 24.6.4
- name: alloy
  repository: https://helm.cmusei.dev/charts
  version: 1.6.12
- name: blueprint
  repository: https://helm.cmusei.dev/charts
  version: 1.7.2
- name: caster
  repository: https://helm.cmusei.dev/charts
  version: 1.6.16
- name: cite
  repository: https://helm.cmusei.dev/charts
  version: 1.7.2
- name: gallery
  repository: https://helm.cmusei.dev/charts
  version: 1.7.2
- name: gameboard
  repository: https://helm.cmusei.dev/charts
  version: 0.5.12
- name: player
  repository: https://helm.cmusei.dev/charts
  version: 1.8.9
- name: steamfitter
  repository: https://helm.cmusei.dev/charts
  version: 1.6.11
- name: topomojo
  repository: https://helm.cmusei.dev/charts
  version: 0.6.4
- name: moodle
  repository: https://helm.cmusei.dev/charts
  version: 0.2.4
digest: sha256:c598b58287f63bae82b126a366dace9b186d2b05d27fd970232bd58d8416aa4f
generated: "2026-02-27T19:22:15.982757559Z"
